// !$*UTF8*$!
{
	archiveVersion = 1;
	classes = {
	};
	objectVersion = 56;
	objects = {

/* Begin PBXBuildFile section */
		627CF1292BB5ACF800CF1C18 /* ObjCGetClassCrashApp.swift in Sources */ = {isa = PBXBuildFile; fileRef = 627CF1282BB5ACF800CF1C18 /* ObjCGetClassCrashApp.swift */; };
		627CF12B2BB5ACF800CF1C18 /* ContentView.swift in Sources */ = {isa = PBXBuildFile; fileRef = 627CF12A2BB5ACF800CF1C18 /* ContentView.swift */; };
		627CF12D2BB5ACF900CF1C18 /* Assets.xcassets in Resources */ = {isa = PBXBuildFile; fileRef = 627CF12C2BB5ACF900CF1C18 /* Assets.xcassets */; };
		627CF1302BB5ACF900CF1C18 /* Preview Assets.xcassets in Resources */ = {isa = PBXBuildFile; fileRef = 627CF12F2BB5ACF900CF1C18 /* Preview Assets.xcassets */; };
		627CF13A2BB5ACF900CF1C18 /* ObjCGetClassCrashTests.swift in Sources */ = {isa = PBXBuildFile; fileRef = 627CF1392BB5ACF900CF1C18 /* ObjCGetClassCrashTests.swift */; };
		627CF1442BB5ACF900CF1C18 /* ObjCGetClassCrashUITests.swift in Sources */ = {isa = PBXBuildFile; fileRef = 627CF1432BB5ACF900CF1C18 /* ObjCGetClassCrashUITests.swift */; };
		627CF1462BB5ACF900CF1C18 /* ObjCGetClassCrashUITestsLaunchTests.swift in Sources */ = {isa = PBXBuildFile; fileRef = 627CF1452BB5ACF900CF1C18 /* ObjCGetClassCrashUITestsLaunchTests.swift */; };
		627CF1552BB5ADAB00CF1C18 /* GetClassCrash.m in Sources */ = {isa = PBXBuildFile; fileRef = 627CF1542BB5ADAB00CF1C18 /* GetClassCrash.m */; };
		627CF1572BB5AE0A00CF1C18 /* RoomPlanWrapper.swift in Sources */ = {isa = PBXBuildFile; fileRef = 627CF1562BB5AE0A00CF1C18 /* RoomPlanWrapper.swift */; };
/* End PBXBuildFile section */

/* Begin PBXContainerItemProxy section */
		627CF1362BB5ACF900CF1C18 /* PBXContainerItemProxy */ = {
			isa = PBXContainerItemProxy;
			containerPortal = 627CF11D2BB5ACF800CF1C18 /* Project object */;
			proxyType = 1;
			remoteGlobalIDString = 627CF1242BB5ACF800CF1C18;
			remoteInfo = ObjCGetClassCrash;
		};
		627CF1402BB5ACF900CF1C18 /* PBXContainerItemProxy */ = {
			isa = PBXContainerItemProxy;
			containerPortal = 627CF11D2BB5ACF800CF1C18 /* Project object */;
			proxyType = 1;
			remoteGlobalIDString = 627CF1242BB5ACF800CF1C18;
			remoteInfo = ObjCGetClassCrash;
		};
/* End PBXContainerItemProxy section */

/* Begin PBXFileReference section */
		627CF1252BB5ACF800CF1C18 /* ObjCGetClassCrash.app */ = {isa = PBXFileReference; explicitFileType = wrapper.application; includeInIndex = 0; path = ObjCGetClassCrash.app; sourceTree = BUILT_PRODUCTS_DIR; };
		627CF1282BB5ACF800CF1C18 /* ObjCGetClassCrashApp.swift */ = {isa = PBXFileReference; lastKnownFileType = sourcecode.swift; path = ObjCGetClassCrashApp.swift; sourceTree = "<group>"; };
		627CF12A2BB5ACF800CF1C18 /* ContentView.swift */ = {isa = PBXFileReference; lastKnownFileType = sourcecode.swift; path = ContentView.swift; sourceTree = "<group>"; };
		627CF12C2BB5ACF900CF1C18 /* Assets.xcassets */ = {isa = PBXFileReference; lastKnownFileType = folder.assetcatalog; path = Assets.xcassets; sourceTree = "<group>"; };
		627CF12F2BB5ACF900CF1C18 /* Preview Assets.xcassets */ = {isa = PBXFileReference; lastKnownFileType = folder.assetcatalog; path = "Preview Assets.xcassets"; sourceTree = "<group>"; };
		627CF1352BB5ACF900CF1C18 /* ObjCGetClassCrashTests.xctest */ = {isa = PBXFileReference; explicitFileType = wrapper.cfbundle; includeInIndex = 0; path = ObjCGetClassCrashTests.xctest; sourceTree = BUILT_PRODUCTS_DIR; };
		627CF1392BB5ACF900CF1C18 /* ObjCGetClassCrashTests.swift */ = {isa = PBXFileReference; lastKnownFileType = sourcecode.swift; path = ObjCGetClassCrashTests.swift; sourceTree = "<group>"; };
		627CF13F2BB5ACF900CF1C18 /* ObjCGetClassCrashUITests.xctest */ = {isa = PBXFileReference; explicitFileType = wrapper.cfbundle; includeInIndex = 0; path = ObjCGetClassCrashUITests.xctest; sourceTree = BUILT_PRODUCTS_DIR; };
		627CF1432BB5ACF900CF1C18 /* ObjCGetClassCrashUITests.swift */ = {isa = PBXFileReference; lastKnownFileType = sourcecode.swift; path = ObjCGetClassCrashUITests.swift; sourceTree = "<group>"; };
		627CF1452BB5ACF900CF1C18 /* ObjCGetClassCrashUITestsLaunchTests.swift */ = {isa = PBXFileReference; lastKnownFileType = sourcecode.swift; path = ObjCGetClassCrashUITestsLaunchTests.swift; sourceTree = "<group>"; };
		627CF1522BB5AD7B00CF1C18 /* GetClassCrash.h */ = {isa = PBXFileReference; lastKnownFileType = sourcecode.c.h; path = GetClassCrash.h; sourceTree = "<group>"; };
		627CF1532BB5ADAB00CF1C18 /* ObjCGetClassCrash-Bridging-Header.h */ = {isa = PBXFileReference; lastKnownFileType = sourcecode.c.h; path = "ObjCGetClassCrash-Bridging-Header.h"; sourceTree = "<group>"; };
		627CF1542BB5ADAB00CF1C18 /* GetClassCrash.m */ = {isa = PBXFileReference; lastKnownFileType = sourcecode.c.objc; path = GetClassCrash.m; sourceTree = "<group>"; };
		627CF1562BB5AE0A00CF1C18 /* RoomPlanWrapper.swift */ = {isa = PBXFileReference; lastKnownFileType = sourcecode.swift; path = RoomPlanWrapper.swift; sourceTree = "<group>"; };
/* End PBXFileReference section */

/* Begin PBXFrameworksBuildPhase section */
		627CF1222BB5ACF800CF1C18 /* Frameworks */ = {
			isa = PBXFrameworksBuildPhase;
			buildActionMask = 2147483647;
			files = (
			);
			runOnlyForDeploymentPostprocessing = 0;
		};
		627CF1322BB5ACF900CF1C18 /* Frameworks */ = {
			isa = PBXFrameworksBuildPhase;
			buildActionMask = 2147483647;
			files = (
			);
			runOnlyForDeploymentPostprocessing = 0;
		};
		627CF13C2BB5ACF900CF1C18 /* Frameworks */ = {
			isa = PBXFrameworksBuildPhase;
			buildActionMask = 2147483647;
			files = (
			);
			runOnlyForDeploymentPostprocessing = 0;
		};
/* End PBXFrameworksBuildPhase section */

/* Begin PBXGroup section */
		627CF11C2BB5ACF800CF1C18 = {
			isa = PBXGroup;
			children = (
				627CF1272BB5ACF800CF1C18 /* ObjCGetClassCrash */,
				627CF1382BB5ACF900CF1C18 /* ObjCGetClassCrashTests */,
				627CF1422BB5ACF900CF1C18 /* ObjCGetClassCrashUITests */,
				627CF1262BB5ACF800CF1C18 /* Products */,
			);
			sourceTree = "<group>";
		};
		627CF1262BB5ACF800CF1C18 /* Products */ = {
			isa = PBXGroup;
			children = (
				627CF1252BB5ACF800CF1C18 /* ObjCGetClassCrash.app */,
				627CF1352BB5ACF900CF1C18 /* ObjCGetClassCrashTests.xctest */,
				627CF13F2BB5ACF900CF1C18 /* ObjCGetClassCrashUITests.xctest */,
			);
			name = Products;
			sourceTree = "<group>";
		};
		627CF1272BB5ACF800CF1C18 /* ObjCGetClassCrash */ = {
			isa = PBXGroup;
			children = (
				627CF1282BB5ACF800CF1C18 /* ObjCGetClassCrashApp.swift */,
				627CF12A2BB5ACF800CF1C18 /* ContentView.swift */,
				627CF1562BB5AE0A00CF1C18 /* RoomPlanWrapper.swift */,
				627CF1532BB5ADAB00CF1C18 /* ObjCGetClassCrash-Bridging-Header.h */,
				627CF1522BB5AD7B00CF1C18 /* GetClassCrash.h */,
				627CF1542BB5ADAB00CF1C18 /* GetClassCrash.m */,
				627CF12C2BB5ACF900CF1C18 /* Assets.xcassets */,
				627CF12E2BB5ACF900CF1C18 /* Preview Content */,
			);
			path = ObjCGetClassCrash;
			sourceTree = "<group>";
		};
		627CF12E2BB5ACF900CF1C18 /* Preview Content */ = {
			isa = PBXGroup;
			children = (
				627CF12F2BB5ACF900CF1C18 /* Preview Assets.xcassets */,
			);
			path = "Preview Content";
			sourceTree = "<group>";
		};
		627CF1382BB5ACF900CF1C18 /* ObjCGetClassCrashTests */ = {
			isa = PBXGroup;
			children = (
				627CF1392BB5ACF900CF1C18 /* ObjCGetClassCrashTests.swift */,
			);
			path = ObjCGetClassCrashTests;
			sourceTree = "<group>";
		};
		627CF1422BB5ACF900CF1C18 /* ObjCGetClassCrashUITests */ = {
			isa = PBXGroup;
			children = (
				627CF1432BB5ACF900CF1C18 /* ObjCGetClassCrashUITests.swift */,
				627CF1452BB5ACF900CF1C18 /* ObjCGetClassCrashUITestsLaunchTests.swift */,
			);
			path = ObjCGetClassCrashUITests;
			sourceTree = "<group>";
		};
/* End PBXGroup section */

/* Begin PBXNativeTarget section */
		627CF1242BB5ACF800CF1C18 /* ObjCGetClassCrash */ = {
			isa = PBXNativeTarget;
			buildConfigurationList = 627CF1492BB5ACF900CF1C18 /* Build configuration list for PBXNativeTarget "ObjCGetClassCrash" */;
			buildPhases = (
				627CF1212BB5ACF800CF1C18 /* Sources */,
				627CF1222BB5ACF800CF1C18 /* Frameworks */,
				627CF1232BB5ACF800CF1C18 /* Resources */,
			);
			buildRules = (
			);
			dependencies = (
			);
			name = ObjCGetClassCrash;
			productName = ObjCGetClassCrash;
			productReference = 627CF1252BB5ACF800CF1C18 /* ObjCGetClassCrash.app */;
			productType = "com.apple.product-type.application";
		};
		627CF1342BB5ACF900CF1C18 /* ObjCGetClassCrashTests */ = {
			isa = PBXNativeTarget;
			buildConfigurationList = 627CF14C2BB5ACF900CF1C18 /* Build configuration list for PBXNativeTarget "ObjCGetClassCrashTests" */;
			buildPhases = (
				627CF1312BB5ACF900CF1C18 /* Sources */,
				627CF1322BB5ACF900CF1C18 /* Frameworks */,
				627CF1332BB5ACF900CF1C18 /* Resources */,
			);
			buildRules = (
			);
			dependencies = (
				627CF1372BB5ACF900CF1C18 /* PBXTargetDependency */,
			);
			name = ObjCGetClassCrashTests;
			productName = ObjCGetClassCrashTests;
			productReference = 627CF1352BB5ACF900CF1C18 /* ObjCGetClassCrashTests.xctest */;
			productType = "com.apple.product-type.bundle.unit-test";
		};
		627CF13E2BB5ACF900CF1C18 /* ObjCGetClassCrashUITests */ = {
			isa = PBXNativeTarget;
			buildConfigurationList = 627CF14F2BB5ACF900CF1C18 /* Build configuration list for PBXNativeTarget "ObjCGetClassCrashUITests" */;
			buildPhases = (
				627CF13B2BB5ACF900CF1C18 /* Sources */,
				627CF13C2BB5ACF900CF1C18 /* Frameworks */,
				627CF13D2BB5ACF900CF1C18 /* Resources */,
			);
			buildRules = (
			);
			dependencies = (
				627CF1412BB5ACF900CF1C18 /* PBXTargetDependency */,
			);
			name = ObjCGetClassCrashUITests;
			productName = ObjCGetClassCrashUITests;
			productReference = 627CF13F2BB5ACF900CF1C18 /* ObjCGetClassCrashUITests.xctest */;
			productType = "com.apple.product-type.bundle.ui-testing";
		};
/* End PBXNativeTarget section */

/* Begin PBXProject section */
		627CF11D2BB5ACF800CF1C18 /* Project object */ = {
			isa = PBXProject;
			attributes = {
				BuildIndependentTargetsInParallel = 1;
				LastSwiftUpdateCheck = 1530;
				LastUpgradeCheck = 1530;
				TargetAttributes = {
					627CF1242BB5ACF800CF1C18 = {
						CreatedOnToolsVersion = 15.3;
						LastSwiftMigration = 1530;
					};
					627CF1342BB5ACF900CF1C18 = {
						CreatedOnToolsVersion = 15.3;
						TestTargetID = 627CF1242BB5ACF800CF1C18;
					};
					627CF13E2BB5ACF900CF1C18 = {
						CreatedOnToolsVersion = 15.3;
						TestTargetID = 627CF1242BB5ACF800CF1C18;
					};
				};
			};
			buildConfigurationList = 627CF1202BB5ACF800CF1C18 /* Build configuration list for PBXProject "ObjCGetClassCrash" */;
			compatibilityVersion = "Xcode 14.0";
			developmentRegion = en;
			hasScannedForEncodings = 0;
			knownRegions = (
				en,
				Base,
			);
			mainGroup = 627CF11C2BB5ACF800CF1C18;
			productRefGroup = 627CF1262BB5ACF800CF1C18 /* Products */;
			projectDirPath = "";
			projectRoot = "";
			targets = (
				627CF1242BB5ACF800CF1C18 /* ObjCGetClassCrash */,
				627CF1342BB5ACF900CF1C18 /* ObjCGetClassCrashTests */,
				627CF13E2BB5ACF900CF1C18 /* ObjCGetClassCrashUITests */,
			);
		};
/* End PBXProject section */

/* Begin PBXResourcesBuildPhase section */
		627CF1232BB5ACF800CF1C18 /* Resources */ = {
			isa = PBXResourcesBuildPhase;
			buildActionMask = 2147483647;
			files = (
				627CF1302BB5ACF900CF1C18 /* Preview Assets.xcassets in Resources */,
				627CF12D2BB5ACF900CF1C18 /* Assets.xcassets in Resources */,
			);
			runOnlyForDeploymentPostprocessing = 0;
		};
		627CF1332BB5ACF900CF1C18 /* Resources */ = {
			isa = PBXResourcesBuildPhase;
			buildActionMask = 2147483647;
			files = (
			);
			runOnlyForDeploymentPostprocessing = 0;
		};
		627CF13D2BB5ACF900CF1C18 /* Resources */ = {
			isa = PBXResourcesBuildPhase;
			buildActionMask = 2147483647;
			files = (
			);
			runOnlyForDeploymentPostprocessing = 0;
		};
/* End PBXResourcesBuildPhase section */

/* Begin PBXSourcesBuildPhase section */
		627CF1212BB5ACF800CF1C18 /* Sources */ = {
			isa = PBXSourcesBuildPhase;
			buildActionMask = 2147483647;
			files = (
				627CF1552BB5ADAB00CF1C18 /* GetClassCrash.m in Sources */,
				627CF12B2BB5ACF800CF1C18 /* ContentView.swift in Sources */,
				627CF1292BB5ACF800CF1C18 /* ObjCGetClassCrashApp.swift in Sources */,
				627CF1572BB5AE0A00CF1C18 /* RoomPlanWrapper.swift in Sources */,
			);
			runOnlyForDeploymentPostprocessing = 0;
		};
		627CF1312BB5ACF900CF1C18 /* Sources */ = {
			isa = PBXSourcesBuildPhase;
			buildActionMask = 2147483647;
			files = (
				627CF13A2BB5ACF900CF1C18 /* ObjCGetClassCrashTests.swift in Sources */,
			);
			runOnlyForDeploymentPostprocessing = 0;
		};
		627CF13B2BB5ACF900CF1C18 /* Sources */ = {
			isa = PBXSourcesBuildPhase;
			buildActionMask = 2147483647;
			files = (
				627CF1462BB5ACF900CF1C18 /* ObjCGetClassCrashUITestsLaunchTests.swift in Sources */,
				627CF1442BB5ACF900CF1C18 /* ObjCGetClassCrashUITests.swift in Sources */,
			);
			runOnlyForDeploymentPostprocessing = 0;
		};
/* End PBXSourcesBuildPhase section */

/* Begin PBXTargetDependency section */
		627CF1372BB5ACF900CF1C18 /* PBXTargetDependency */ = {
			isa = PBXTargetDependency;
			target = 627CF1242BB5ACF800CF1C18 /* ObjCGetClassCrash */;
			targetProxy = 627CF1362BB5ACF900CF1C18 /* PBXContainerItemProxy */;
		};
		627CF1412BB5ACF900CF1C18 /* PBXTargetDependency */ = {
			isa = PBXTargetDependency;
			target = 627CF1242BB5ACF800CF1C18 /* ObjCGetClassCrash */;
			targetProxy = 627CF1402BB5ACF900CF1C18 /* PBXContainerItemProxy */;
		};
/* End PBXTargetDependency section */

/* Begin XCBuildConfiguration section */
		627CF1472BB5ACF900CF1C18 /* Debug */ = {
			isa = XCBuildConfiguration;
			buildSettings = {
				ALWAYS_SEARCH_USER_PATHS = NO;
				ASSETCATALOG_COMPILER_GENERATE_SWIFT_ASSET_SYMBOL_EXTENSIONS = YES;
				CLANG_ANALYZER_NONNULL = YES;
				CLANG_ANALYZER_NUMBER_OBJECT_CONVERSION = YES_AGGRESSIVE;
				CLANG_CXX_LANGUAGE_STANDARD = "gnu++20";
				CLANG_ENABLE_MODULES = YES;
				CLANG_ENABLE_OBJC_ARC = YES;
				CLANG_ENABLE_OBJC_WEAK = YES;
				CLANG_WARN_BLOCK_CAPTURE_AUTORELEASING = YES;
				CLANG_WARN_BOOL_CONVERSION = YES;
				CLANG_WARN_COMMA = YES;
				CLANG_WARN_CONSTANT_CONVERSION = YES;
				CLANG_WARN_DEPRECATED_OBJC_IMPLEMENTATIONS = YES;
				CLANG_WARN_DIRECT_OBJC_ISA_USAGE = YES_ERROR;
				CLANG_WARN_DOCUMENTATION_COMMENTS = YES;
				CLANG_WARN_EMPTY_BODY = YES;
				CLANG_WARN_ENUM_CONVERSION = YES;
				CLANG_WARN_INFINITE_RECURSION = YES;
				CLANG_WARN_INT_CONVERSION = YES;
				CLANG_WARN_NON_LITERAL_NULL_CONVERSION = YES;
				CLANG_WARN_OBJC_IMPLICIT_RETAIN_SELF = YES;
				CLANG_WARN_OBJC_LITERAL_CONVERSION = YES;
				CLANG_WARN_OBJC_ROOT_CLASS = YES_ERROR;
				CLANG_WARN_QUOTED_INCLUDE_IN_FRAMEWORK_HEADER = YES;
				CLANG_WARN_RANGE_LOOP_ANALYSIS = YES;
				CLANG_WARN_STRICT_PROTOTYPES = YES;
				CLANG_WARN_SUSPICIOUS_MOVE = YES;
				CLANG_WARN_UNGUARDED_AVAILABILITY = YES_AGGRESSIVE;
				CLANG_WARN_UNREACHABLE_CODE = YES;
				CLANG_WARN__DUPLICATE_METHOD_MATCH = YES;
				COPY_PHASE_STRIP = NO;
				DEBUG_INFORMATION_FORMAT = dwarf;
				ENABLE_STRICT_OBJC_MSGSEND = YES;
				ENABLE_TESTABILITY = YES;
				ENABLE_USER_SCRIPT_SANDBOXING = YES;
				GCC_C_LANGUAGE_STANDARD = gnu17;
				GCC_DYNAMIC_NO_PIC = NO;
				GCC_NO_COMMON_BLOCKS = YES;
				GCC_OPTIMIZATION_LEVEL = 0;
				GCC_PREPROCESSOR_DEFINITIONS = (
					"DEBUG=1",
					"$(inherited)",
				);
				GCC_WARN_64_TO_32_BIT_CONVERSION = YES;
				GCC_WARN_ABOUT_RETURN_TYPE = YES_ERROR;
				GCC_WARN_UNDECLARED_SELECTOR = YES;
				GCC_WARN_UNINITIALIZED_AUTOS = YES_AGGRESSIVE;
				GCC_WARN_UNUSED_FUNCTION = YES;
				GCC_WARN_UNUSED_VARIABLE = YES;
				IPHONEOS_DEPLOYMENT_TARGET = 17.4;
				LOCALIZATION_PREFERS_STRING_CATALOGS = YES;
				MTL_ENABLE_DEBUG_INFO = INCLUDE_SOURCE;
				MTL_FAST_MATH = YES;
				ONLY_ACTIVE_ARCH = YES;
				SDKROOT = iphoneos;
				SWIFT_ACTIVE_COMPILATION_CONDITIONS = "DEBUG $(inherited)";
				SWIFT_OPTIMIZATION_LEVEL = "-Onone";
			};
			name = Debug;
		};
		627CF1482BB5ACF900CF1C18 /* Release */ = {
			isa = XCBuildConfiguration;
			buildSettings = {
				ALWAYS_SEARCH_USER_PATHS = NO;
				ASSETCATALOG_COMPILER_GENERATE_SWIFT_ASSET_SYMBOL_EXTENSIONS = YES;
				CLANG_ANALYZER_NONNULL = YES;
				CLANG_ANALYZER_NUMBER_OBJECT_CONVERSION = YES_AGGRESSIVE;
				CLANG_CXX_LANGUAGE_STANDARD = "gnu++20";
				CLANG_ENABLE_MODULES = YES;
				CLANG_ENABLE_OBJC_ARC = YES;
				CLANG_ENABLE_OBJC_WEAK = YES;
				CLANG_WARN_BLOCK_CAPTURE_AUTORELEASING = YES;
				CLANG_WARN_BOOL_CONVERSION = YES;
				CLANG_WARN_COMMA = YES;
				CLANG_WARN_CONSTANT_CONVERSION = YES;
				CLANG_WARN_DEPRECATED_OBJC_IMPLEMENTATIONS = YES;
				CLANG_WARN_DIRECT_OBJC_ISA_USAGE = YES_ERROR;
				CLANG_WARN_DOCUMENTATION_COMMENTS = YES;
				CLANG_WARN_EMPTY_BODY = YES;
				CLANG_WARN_ENUM_CONVERSION = YES;
				CLANG_WARN_INFINITE_RECURSION = YES;
				CLANG_WARN_INT_CONVERSION = YES;
				CLANG_WARN_NON_LITERAL_NULL_CONVERSION = YES;
				CLANG_WARN_OBJC_IMPLICIT_RETAIN_SELF = YES;
				CLANG_WARN_OBJC_LITERAL_CONVERSION = YES;
				CLANG_WARN_OBJC_ROOT_CLASS = YES_ERROR;
				CLANG_WARN_QUOTED_INCLUDE_IN_FRAMEWORK_HEADER = YES;
				CLANG_WARN_RANGE_LOOP_ANALYSIS = YES;
				CLANG_WARN_STRICT_PROTOTYPES = YES;
				CLANG_WARN_SUSPICIOUS_MOVE = YES;
				CLANG_WARN_UNGUARDED_AVAILABILITY = YES_AGGRESSIVE;
				CLANG_WARN_UNREACHABLE_CODE = YES;
				CLANG_WARN__DUPLICATE_METHOD_MATCH = YES;
				COPY_PHASE_STRIP = NO;
				DEBUG_INFORMATION_FORMAT = "dwarf-with-dsym";
				ENABLE_NS_ASSERTIONS = NO;
				ENABLE_STRICT_OBJC_MSGSEND = YES;
				ENABLE_USER_SCRIPT_SANDBOXING = YES;
				GCC_C_LANGUAGE_STANDARD = gnu17;
				GCC_NO_COMMON_BLOCKS = YES;
				GCC_WARN_64_TO_32_BIT_CONVERSION = YES;
				GCC_WARN_ABOUT_RETURN_TYPE = YES_ERROR;
				GCC_WARN_UNDECLARED_SELECTOR = YES;
				GCC_WARN_UNINITIALIZED_AUTOS = YES_AGGRESSIVE;
				GCC_WARN_UNUSED_FUNCTION = YES;
				GCC_WARN_UNUSED_VARIABLE = YES;
				IPHONEOS_DEPLOYMENT_TARGET = 17.4;
				LOCALIZATION_PREFERS_STRING_CATALOGS = YES;
				MTL_ENABLE_DEBUG_INFO = NO;
				MTL_FAST_MATH = YES;
				SDKROOT = iphoneos;
				SWIFT_COMPILATION_MODE = wholemodule;
				VALIDATE_PRODUCT = YES;
			};
			name = Release;
		};
		627CF14A2BB5ACF900CF1C18 /* Debug */ = {
			isa = XCBuildConfiguration;
			buildSettings = {
				ASSETCATALOG_COMPILER_APPICON_NAME = AppIcon;
				ASSETCATALOG_COMPILER_GLOBAL_ACCENT_COLOR_NAME = AccentColor;
				CLANG_ENABLE_MODULES = YES;
				CODE_SIGN_STYLE = Automatic;
				CURRENT_PROJECT_VERSION = 1;
				DEVELOPMENT_ASSET_PATHS = "\"ObjCGetClassCrash/Preview Content\"";
				DEVELOPMENT_TEAM = 97JCY7859U;
				ENABLE_PREVIEWS = YES;
				GENERATE_INFOPLIST_FILE = YES;
				INFOPLIST_KEY_UIApplicationSceneManifest_Generation = YES;
				INFOPLIST_KEY_UIApplicationSupportsIndirectInputEvents = YES;
				INFOPLIST_KEY_UILaunchScreen_Generation = YES;
				INFOPLIST_KEY_UISupportedInterfaceOrientations_iPad = "UIInterfaceOrientationPortrait UIInterfaceOrientationPortraitUpsideDown UIInterfaceOrientationLandscapeLeft UIInterfaceOrientationLandscapeRight";
				INFOPLIST_KEY_UISupportedInterfaceOrientations_iPhone = "UIInterfaceOrientationPortrait UIInterfaceOrientationLandscapeLeft UIInterfaceOrientationLandscapeRight";
				IPHONEOS_DEPLOYMENT_TARGET = 15.0;
				LD_RUNPATH_SEARCH_PATHS = (
					"$(inherited)",
					"@executable_path/Frameworks",
				);
				MARKETING_VERSION = 1.0;
				PRODUCT_BUNDLE_IDENTIFIER = io.sentry.ObjCGetClassCrash;
				PRODUCT_NAME = "$(TARGET_NAME)";
				SWIFT_EMIT_LOC_STRINGS = YES;
				SWIFT_OBJC_BRIDGING_HEADER = "ObjCGetClassCrash/ObjCGetClassCrash-Bridging-Header.h";
				SWIFT_OPTIMIZATION_LEVEL = "-Onone";
				SWIFT_VERSION = 5.0;
				TARGETED_DEVICE_FAMILY = "1,2";
			};
			name = Debug;
		};
		627CF14B2BB5ACF900CF1C18 /* Release */ = {
			isa = XCBuildConfiguration;
			buildSettings = {
				ASSETCATALOG_COMPILER_APPICON_NAME = AppIcon;
				ASSETCATALOG_COMPILER_GLOBAL_ACCENT_COLOR_NAME = AccentColor;
				CLANG_ENABLE_MODULES = YES;
				CODE_SIGN_STYLE = Automatic;
				CURRENT_PROJECT_VERSION = 1;
				DEVELOPMENT_ASSET_PATHS = "\"ObjCGetClassCrash/Preview Content\"";
				DEVELOPMENT_TEAM = 97JCY7859U;
				ENABLE_PREVIEWS = YES;
				GENERATE_INFOPLIST_FILE = YES;
				INFOPLIST_KEY_UIApplicationSceneManifest_Generation = YES;
				INFOPLIST_KEY_UIApplicationSupportsIndirectInputEvents = YES;
				INFOPLIST_KEY_UILaunchScreen_Generation = YES;
				INFOPLIST_KEY_UISupportedInterfaceOrientations_iPad = "UIInterfaceOrientationPortrait UIInterfaceOrientationPortraitUpsideDown UIInterfaceOrientationLandscapeLeft UIInterfaceOrientationLandscapeRight";
				INFOPLIST_KEY_UISupportedInterfaceOrientations_iPhone = "UIInterfaceOrientationPortrait UIInterfaceOrientationLandscapeLeft UIInterfaceOrientationLandscapeRight";
				IPHONEOS_DEPLOYMENT_TARGET = 15.0;
				LD_RUNPATH_SEARCH_PATHS = (
					"$(inherited)",
					"@executable_path/Frameworks",
				);
				MARKETING_VERSION = 1.0;
				PRODUCT_BUNDLE_IDENTIFIER = io.sentry.ObjCGetClassCrash;
				PRODUCT_NAME = "$(TARGET_NAME)";
				SWIFT_EMIT_LOC_STRINGS = YES;
				SWIFT_OBJC_BRIDGING_HEADER = "ObjCGetClassCrash/ObjCGetClassCrash-Bridging-Header.h";
				SWIFT_VERSION = 5.0;
				TARGETED_DEVICE_FAMILY = "1,2";
			};
			name = Release;
		};
		627CF14D2BB5ACF900CF1C18 /* Debug */ = {
			isa = XCBuildConfiguration;
			buildSettings = {
				ALWAYS_EMBED_SWIFT_STANDARD_LIBRARIES = YES;
				BUNDLE_LOADER = "$(TEST_HOST)";
				CODE_SIGN_STYLE = Automatic;
				CURRENT_PROJECT_VERSION = 1;
				DEVELOPMENT_TEAM = 97JCY7859U;
				GENERATE_INFOPLIST_FILE = YES;
				IPHONEOS_DEPLOYMENT_TARGET = 17.4;
				MARKETING_VERSION = 1.0;
				PRODUCT_BUNDLE_IDENTIFIER = io.sentry.ObjCGetClassCrashTests;
				PRODUCT_NAME = "$(TARGET_NAME)";
				SWIFT_EMIT_LOC_STRINGS = NO;
				SWIFT_VERSION = 5.0;
				TARGETED_DEVICE_FAMILY = "1,2";
				TEST_HOST = "$(BUILT_PRODUCTS_DIR)/ObjCGetClassCrash.app/$(BUNDLE_EXECUTABLE_FOLDER_PATH)/ObjCGetClassCrash";
			};
			name = Debug;
		};
		627CF14E2BB5ACF900CF1C18 /* Release */ = {
			isa = XCBuildConfiguration;
			buildSettings = {
				ALWAYS_EMBED_SWIFT_STANDARD_LIBRARIES = YES;
				BUNDLE_LOADER = "$(TEST_HOST)";
				CODE_SIGN_STYLE = Automatic;
				CURRENT_PROJECT_VERSION = 1;
				DEVELOPMENT_TEAM = 97JCY7859U;
				GENERATE_INFOPLIST_FILE = YES;
				IPHONEOS_DEPLOYMENT_TARGET = 17.4;
				MARKETING_VERSION = 1.0;
				PRODUCT_BUNDLE_IDENTIFIER = io.sentry.ObjCGetClassCrashTests;
				PRODUCT_NAME = "$(TARGET_NAME)";
				SWIFT_EMIT_LOC_STRINGS = NO;
				SWIFT_VERSION = 5.0;
				TARGETED_DEVICE_FAMILY = "1,2";
				TEST_HOST = "$(BUILT_PRODUCTS_DIR)/ObjCGetClassCrash.app/$(BUNDLE_EXECUTABLE_FOLDER_PATH)/ObjCGetClassCrash";
			};
			name = Release;
		};
		627CF1502BB5ACF900CF1C18 /* Debug */ = {
			isa = XCBuildConfiguration;
			buildSettings = {
				ALWAYS_EMBED_SWIFT_STANDARD_LIBRARIES = YES;
				CODE_SIGN_STYLE = Automatic;
				CURRENT_PROJECT_VERSION = 1;
				DEVELOPMENT_TEAM = 97JCY7859U;
				GENERATE_INFOPLIST_FILE = YES;
				MARKETING_VERSION = 1.0;
				PRODUCT_BUNDLE_IDENTIFIER = io.sentry.ObjCGetClassCrashUITests;
				PRODUCT_NAME = "$(TARGET_NAME)";
				SWIFT_EMIT_LOC_STRINGS = NO;
				SWIFT_VERSION = 5.0;
				TARGETED_DEVICE_FAMILY = "1,2";
				TEST_TARGET_NAME = ObjCGetClassCrash;
			};
			name = Debug;
		};
		627CF1512BB5ACF900CF1C18 /* Release */ = {
			isa = XCBuildConfiguration;
			buildSettings = {
				ALWAYS_EMBED_SWIFT_STANDARD_LIBRARIES = YES;
				CODE_SIGN_STYLE = Automatic;
				CURRENT_PROJECT_VERSION = 1;
				DEVELOPMENT_TEAM = 97JCY7859U;
				GENERATE_INFOPLIST_FILE = YES;
				MARKETING_VERSION = 1.0;
				PRODUCT_BUNDLE_IDENTIFIER = io.sentry.ObjCGetClassCrashUITests;
				PRODUCT_NAME = "$(TARGET_NAME)";
				SWIFT_EMIT_LOC_STRINGS = NO;
				SWIFT_VERSION = 5.0;
				TARGETED_DEVICE_FAMILY = "1,2";
				TEST_TARGET_NAME = ObjCGetClassCrash;
			};
			name = Release;
		};
/* End XCBuildConfiguration section */

/* Begin XCConfigurationList section */
		627CF1202BB5ACF800CF1C18 /* Build configuration list for PBXProject "ObjCGetClassCrash" */ = {
			isa = XCConfigurationList;
			buildConfigurations = (
				627CF1472BB5ACF900CF1C18 /* Debug */,
				627CF1482BB5ACF900CF1C18 /* Release */,
			);
			defaultConfigurationIsVisible = 0;
			defaultConfigurationName = Release;
		};
		627CF1492BB5ACF900CF1C18 /* Build configuration list for PBXNativeTarget "ObjCGetClassCrash" */ = {
			isa = XCConfigurationList;
			buildConfigurations = (
				627CF14A2BB5ACF900CF1C18 /* Debug */,
				627CF14B2BB5ACF900CF1C18 /* Release */,
			);
			defaultConfigurationIsVisible = 0;
			defaultConfigurationName = Release;
		};
		627CF14C2BB5ACF900CF1C18 /* Build configuration list for PBXNativeTarget "ObjCGetClassCrashTests" */ = {
			isa = XCConfigurationList;
			buildConfigurations = (
				627CF14D2BB5ACF900CF1C18 /* Debug */,
				627CF14E2BB5ACF900CF1C18 /* Release */,
			);
			defaultConfigurationIsVisible = 0;
			defaultConfigurationName = Release;
		};
		627CF14F2BB5ACF900CF1C18 /* Build configuration list for PBXNativeTarget "ObjCGetClassCrashUITests" */ = {
			isa = XCConfigurationList;
			buildConfigurations = (
				627CF1502BB5ACF900CF1C18 /* Debug */,
				627CF1512BB5ACF900CF1C18 /* Release */,
			);
			defaultConfigurationIsVisible = 0;
			defaultConfigurationName = Release;
		};
/* End XCConfigurationList section */
	};
	rootObject = 627CF11D2BB5ACF800CF1C18 /* Project object */;
}
